<?xml version="1.0" encoding="utf-8"?>
<Project ToolsVersion="4.0" xmlns="http://schemas.microsoft.com/developer/msbuild/2003">
  <ItemGroup>
    <ClCompile Include="$(MSBuildThisFileDirectory)Source\GamePCH.cpp" />
    <ClCompile Include="$(MSBuildThisFileDirectory)Source\Game\AudioManager.cpp">
      <Filter>Resource Management\Audio</Filter>
    </ClCompile>
    <ClCompile Include="$(MSBuildThisFileDirectory)Source\GameObjects\Camera.cpp">
      <Filter>Game Objects\Camera</Filter>
    </ClCompile>
    <ClCompile Include="$(MSBuildThisFileDirectory)Source\GameObjects\ChaseCameraObject.cpp">
      <Filter>Game Objects\Camera</Filter>
    </ClCompile>
    <ClCompile Include="$(MSBuildThisFileDirectory)Source\Game\Game.cpp">
      <Filter>Game</Filter>
    </ClCompile>
    <ClCompile Include="$(MSBuildThisFileDirectory)Source\Physics\BulletMotionState.cpp">
      <Filter>Physics\Bullet</Filter>
    </ClCompile>
    <ClCompile Include="$(MSBuildThisFileDirectory)Source\Game\BulletManager.cpp">
      <Filter>Physics\Bullet</Filter>
    </ClCompile>
    <ClCompile Include="$(MSBuildThisFileDirectory)Source\GameObjects\GameObject.cpp">
      <Filter>Game Objects</Filter>
    </ClCompile>
    <ClCompile Include="$(MSBuildThisFileDirectory)Source\GameObjects\GameObject2D.cpp">
      <Filter>Game Objects\Game Object 2D</Filter>
    </ClCompile>
    <ClCompile Include="$(MSBuildThisFileDirectory)Source\Physics\ContactListener.cpp">
      <Filter>Physics\Box2D</Filter>
    </ClCompile>
    <ClCompile Include="$(MSBuildThisFileDirectory)Source\Scenes\DebugDraw.cpp">
      <Filter>Physics\Box2D</Filter>
    </ClCompile>
    <ClCompile Include="$(MSBuildThisFileDirectory)Source\GameObjects\GameObject3D.cpp">
      <Filter>Game Objects\Game Object 3D</Filter>
    </ClCompile>
    <ClCompile Include="$(MSBuildThisFileDirectory)Source\Scenes\BulletScene.cpp">
      <Filter>Scene</Filter>
    </ClCompile>
    <ClCompile Include="$(MSBuildThisFileDirectory)Source\Scenes\DebugDraw3D.cpp">
      <Filter>Physics\Bullet</Filter>
    </ClCompile>
    <ClCompile Include="$(MSBuildThisFileDirectory)Source\Scenes\FloatingScene.cpp">
      <Filter>Scene</Filter>
    </ClCompile>
    <ClCompile Include="$(MSBuildThisFileDirectory)Source\Scenes\GraphicsScene.cpp">
      <Filter>Scene</Filter>
    </ClCompile>
    <ClCompile Include="$(MSBuildThisFileDirectory)Source\Scenes\HUD_Scene.cpp">
      <Filter>Scene\HUD</Filter>
    </ClCompile>
    <ClCompile Include="$(MSBuildThisFileDirectory)Source\GameObjects\FollowLight.cpp">
      <Filter>Game Objects\Light</Filter>
    </ClCompile>
    <ClCompile Include="$(MSBuildThisFileDirectory)Source\GameObjects\LightObject.cpp">
      <Filter>Game Objects\Light</Filter>
    </ClCompile>
    <ClCompile Include="$(MSBuildThisFileDirectory)Source\Mesh\Mesh.cpp">
      <Filter>Mesh</Filter>
    </ClCompile>
    <ClCompile Include="$(MSBuildThisFileDirectory)Source\Physics\PhysicsWorld.cpp">
      <Filter>Physics\Box2D</Filter>
    </ClCompile>
    <ClCompile Include="$(MSBuildThisFileDirectory)Source\Scenes\PoolTestScene.cpp">
      <Filter>Scene</Filter>
    </ClCompile>
    <ClCompile Include="$(MSBuildThisFileDirectory)Source\Scenes\PlatformerScene.cpp">
      <Filter>Scene</Filter>
    </ClCompile>
    <ClCompile Include="$(MSBuildThisFileDirectory)Source\GameObjects\FloatingPlayerObject.cpp">
      <Filter>Game Objects\Game Object 2D\Floating Object</Filter>
    </ClCompile>
    <ClCompile Include="$(MSBuildThisFileDirectory)Source\GameObjects\FloatingObject.cpp">
      <Filter>Game Objects\Game Object 2D\Floating Object</Filter>
    </ClCompile>
    <ClCompile Include="$(MSBuildThisFileDirectory)Source\GameObjects\FloatingMineObject.cpp">
      <Filter>Game Objects\Game Object 2D\Floating Object</Filter>
    </ClCompile>
    <ClCompile Include="$(MSBuildThisFileDirectory)Source\Scenes\Scene.cpp">
      <Filter>Scene</Filter>
    </ClCompile>
    <ClCompile Include="$(MSBuildThisFileDirectory)Source\Mesh\MeshShapes.cpp">
      <Filter>Mesh</Filter>
    </ClCompile>
    <ClCompile Include="$(MSBuildThisFileDirectory)Source\GameObjects\Player.cpp">
      <Filter>Game Objects\Game Object 3D</Filter>
    </ClCompile>
    <ClCompile Include="$(MSBuildThisFileDirectory)Source\Scenes\PhysicsScene.cpp">
      <Filter>Scene</Filter>
    </ClCompile>
    <ClCompile Include="$(MSBuildThisFileDirectory)Source\GameObjects\Bullet.cpp">
      <Filter>Game Objects\Game Object 2D\Platformer</Filter>
    </ClCompile>
    <ClCompile Include="$(MSBuildThisFileDirectory)Source\GameObjects\PlatformerPlayer.cpp">
      <Filter>Game Objects\Game Object 2D\Platformer</Filter>
    </ClCompile>
    <ClCompile Include="$(MSBuildThisFileDirectory)Source\GameObjects\PlatformerEnemy.cpp">
      <Filter>Game Objects\Game Object 2D\Platformer</Filter>
    </ClCompile>
    <ClCompile Include="$(MSBuildThisFileDirectory)Source\SaveLoad.cpp">
      <Filter>Resource Management</Filter>
    </ClCompile>
    <ClCompile Include="$(MSBuildThisFileDirectory)Source\Game\ResourceManager.cpp">
      <Filter>Resource Management</Filter>
    </ClCompile>
    <ClCompile Include="$(MSBuildThisFileDirectory)Source\cJSONHelpers.cpp">
      <Filter>Resource Management</Filter>
    </ClCompile>
    <ClCompile Include="$(MSBuildThisFileDirectory)Source\GameObjects\Shootable.cpp">
      <Filter>Game Objects\Game Object 2D\Platformer</Filter>
    </ClCompile>
    <ClCompile Include="$(MSBuildThisFileDirectory)Source\GameObjects\Transformable.cpp">
      <Filter>Game Objects</Filter>
    </ClCompile>
    <ClCompile Include="$(MSBuildThisFileDirectory)Source\GameObjects\HUD_TextObject.cpp">
      <Filter>Game Objects\HUD</Filter>
    </ClCompile>
    <ClCompile Include="$(MSBuildThisFileDirectory)Source\Game\ImGuiManager.cpp">
      <Filter>Resource Management\Imgui</Filter>
    </ClCompile>
    <ClCompile Include="$(MSBuildThisFileDirectory)Source\Mesh\Texture.cpp">
      <Filter>Mesh\Texture</Filter>
    </ClCompile>
    <ClCompile Include="$(MSBuildThisFileDirectory)Source\Mesh\SpriteSheet.cpp">
      <Filter>Mesh\Texture</Filter>
    </ClCompile>
    <ClCompile Include="$(MSBuildThisFileDirectory)Source\Mesh\TextMesh.cpp">
      <Filter>Mesh</Filter>
    </ClCompile>
    <ClCompile Include="$(MSBuildThisFileDirectory)Source\Mesh\Material.cpp">
      <Filter>Mesh\Texture</Filter>
    </ClCompile>
    <ClCompile Include="$(MSBuildThisFileDirectory)Source\GameObjects\PlayerController.cpp">
      <Filter>Controller</Filter>
    </ClCompile>
    <ClCompile Include="$(MSBuildThisFileDirectory)Source\Game\AudioList.cpp">
      <Filter>Audio\AudioList</Filter>
    </ClCompile>
    <ClCompile Include="$(MSBuildThisFileDirectory)Source\Game\AudioEngine.cpp">
      <Filter>Audio\Engine</Filter>
    </ClCompile>
    <ClCompile Include="$(MSBuildThisFileDirectory)Source\Game\AudioDataStructures.cpp">
      <Filter>Audio\Data Structures</Filter>
    </ClCompile>
    <ClCompile Include="$(MSBuildThisFileDirectory)Source\Game\AudioVoice.cpp">
      <Filter>Audio\Data Structures</Filter>
    </ClCompile>
    <ClCompile Include="$(MSBuildThisFileDirectory)Source\Mesh\FBODefinition.cpp">
      <Filter>Mesh</Filter>
    </ClCompile>
    <ClCompile Include="$(MSBuildThisFileDirectory)Source\Game\SceneManager.cpp">
      <Filter>Resource Management\Scene</Filter>
    </ClCompile>
    <ClCompile Include="$(MSBuildThisFileDirectory)Source\Game\WeightedRandomAudioList.cpp">
      <Filter>Audio\AudioList</Filter>
    </ClCompile>
    <ClCompile Include="$(MSBuildThisFileDirectory)Source\Game\ShuffleAudioList.cpp">
      <Filter>Audio\AudioList</Filter>
    </ClCompile>
    <ClCompile Include="$(MSBuildThisFileDirectory)Source\Game\TweenFuncs.cpp">
      <Filter>Game Objects\Tweens</Filter>
    </ClCompile>
    <ClCompile Include="$(MSBuildThisFileDirectory)Source\Scenes\OptionsScene.cpp">
      <Filter>Scene\HUD</Filter>
    </ClCompile>
    <ClCompile Include="$(MSBuildThisFileDirectory)Source\Scenes\PauseScreen.cpp">
      <Filter>Scene\HUD</Filter>
    </ClCompile>
    <ClCompile Include="$(MSBuildThisFileDirectory)Source\Scenes\TitleScreen.cpp">
      <Filter>Scene\HUD</Filter>
    </ClCompile>
    <ClCompile Include="$(MSBuildThisFileDirectory)Source\GameObjects\Enemy.cpp">
      <Filter>Game Objects\Game Object 3D</Filter>
    </ClCompile>
    <ClCompile Include="$(MSBuildThisFileDirectory)Source\GameObjects\SavePoint.cpp">
      <Filter>Game Objects\Game Object 3D</Filter>
    </ClCompile>
    <ClCompile Include="$(MSBuildThisFileDirectory)Source\GameObjects\BoshyBullet.cpp">
      <Filter>Game Objects\Game Object 3D</Filter>
    </ClCompile>
    <ClCompile Include="$(MSBuildThisFileDirectory)Source\GameObjects\Gun.cpp">
      <Filter>Game Objects\Game Object 3D</Filter>
    </ClCompile>
    <ClCompile Include="$(MSBuildThisFileDirectory)Source\GameObjects\GameObjectComponent.cpp">
      <Filter>Game Objects\Game Object 3D</Filter>
    </ClCompile>
    <ClCompile Include="$(MSBuildThisFileDirectory)Source\GameObjects\Objective.cpp">
      <Filter>Game Objects\Game Object 3D</Filter>
    </ClCompile>
  </ItemGroup>
  <ItemGroup>
    <ClInclude Include="$(MSBuildThisFileDirectory)Source\GamePCH.h" />
    <ClInclude Include="$(MSBuildThisFileDirectory)Source\Game\AudioManager.h">
      <Filter>Resource Management\Audio</Filter>
    </ClInclude>
    <ClInclude Include="$(MSBuildThisFileDirectory)Source\GameObjects\Camera.h">
      <Filter>Game Objects\Camera</Filter>
    </ClInclude>
    <ClInclude Include="$(MSBuildThisFileDirectory)Source\GameObjects\ChaseCameraObject.h">
      <Filter>Game Objects\Camera</Filter>
    </ClInclude>
    <ClInclude Include="$(MSBuildThisFileDirectory)Source\Game\Game.h">
      <Filter>Game</Filter>
    </ClInclude>
    <ClInclude Include="$(MSBuildThisFileDirectory)Source\Physics\BulletMotionState.h">
      <Filter>Physics\Bullet</Filter>
    </ClInclude>
    <ClInclude Include="$(MSBuildThisFileDirectory)Source\Game\BulletManager.h">
      <Filter>Physics\Bullet</Filter>
    </ClInclude>
    <ClInclude Include="$(MSBuildThisFileDirectory)Source\GameObjects\GameObject.h">
      <Filter>Game Objects</Filter>
    </ClInclude>
    <ClInclude Include="$(MSBuildThisFileDirectory)Source\GameObjects\GameObject2D.h">
      <Filter>Game Objects\Game Object 2D</Filter>
    </ClInclude>
    <ClInclude Include="$(MSBuildThisFileDirectory)Source\Physics\ContactListener.h">
      <Filter>Physics\Box2D</Filter>
    </ClInclude>
    <ClInclude Include="$(MSBuildThisFileDirectory)Source\Scenes\DebugDraw.h">
      <Filter>Physics\Box2D</Filter>
    </ClInclude>
    <ClInclude Include="$(MSBuildThisFileDirectory)Source\GameObjects\GameObject3D.h">
      <Filter>Game Objects\Game Object 3D</Filter>
    </ClInclude>
    <ClInclude Include="$(MSBuildThisFileDirectory)Source\Scenes\BulletScene.h">
      <Filter>Scene</Filter>
    </ClInclude>
    <ClInclude Include="$(MSBuildThisFileDirectory)Source\Scenes\DebugDraw3D.h">
      <Filter>Physics\Bullet</Filter>
    </ClInclude>
    <ClInclude Include="$(MSBuildThisFileDirectory)Source\Scenes\FloatingScene.h">
      <Filter>Scene</Filter>
    </ClInclude>
    <ClInclude Include="$(MSBuildThisFileDirectory)Source\Scenes\GraphicsScene.h">
      <Filter>Scene</Filter>
    </ClInclude>
    <ClInclude Include="$(MSBuildThisFileDirectory)Source\Scenes\HUD_Scene.h">
      <Filter>Scene\HUD</Filter>
    </ClInclude>
    <ClInclude Include="$(MSBuildThisFileDirectory)Source\GameObjects\FollowLight.h">
      <Filter>Game Objects\Light</Filter>
    </ClInclude>
    <ClInclude Include="$(MSBuildThisFileDirectory)Source\GameObjects\LightObject.h">
      <Filter>Game Objects\Light</Filter>
    </ClInclude>
    <ClInclude Include="$(MSBuildThisFileDirectory)Source\Mesh\Mesh.h">
      <Filter>Mesh</Filter>
    </ClInclude>
    <ClInclude Include="$(MSBuildThisFileDirectory)Source\Physics\PhysicsWorld.h">
      <Filter>Physics\Box2D</Filter>
    </ClInclude>
    <ClInclude Include="$(MSBuildThisFileDirectory)Source\Scenes\PoolTestScene.h">
      <Filter>Scene</Filter>
    </ClInclude>
    <ClInclude Include="$(MSBuildThisFileDirectory)Source\Scenes\PlatformerScene.h">
      <Filter>Scene</Filter>
    </ClInclude>
    <ClInclude Include="$(MSBuildThisFileDirectory)Source\GameObjects\FloatingPlayerObject.h">
      <Filter>Game Objects\Game Object 2D\Floating Object</Filter>
    </ClInclude>
    <ClInclude Include="$(MSBuildThisFileDirectory)Source\GameObjects\FloatingObject.h">
      <Filter>Game Objects\Game Object 2D\Floating Object</Filter>
    </ClInclude>
    <ClInclude Include="$(MSBuildThisFileDirectory)Source\GameObjects\FloatingMineObject.h">
      <Filter>Game Objects\Game Object 2D\Floating Object</Filter>
    </ClInclude>
    <ClInclude Include="$(MSBuildThisFileDirectory)Source\Scenes\Scene.h">
      <Filter>Scene</Filter>
    </ClInclude>
    <ClInclude Include="$(MSBuildThisFileDirectory)Source\Game\PooledObject.h">
      <Filter>Game Objects</Filter>
    </ClInclude>
    <ClInclude Include="$(MSBuildThisFileDirectory)Source\Game\Pool.h">
      <Filter>Game Objects</Filter>
    </ClInclude>
    <ClInclude Include="$(MSBuildThisFileDirectory)Source\GameObjects\Player.h">
      <Filter>Game Objects\Game Object 3D</Filter>
    </ClInclude>
    <ClInclude Include="$(MSBuildThisFileDirectory)Source\Scenes\PhysicsScene.h">
      <Filter>Scene</Filter>
    </ClInclude>
    <ClInclude Include="$(MSBuildThisFileDirectory)Source\GameObjects\Bullet.h">
      <Filter>Game Objects\Game Object 2D\Platformer</Filter>
    </ClInclude>
    <ClInclude Include="$(MSBuildThisFileDirectory)Source\GameObjects\PlatformerPlayer.h">
      <Filter>Game Objects\Game Object 2D\Platformer</Filter>
    </ClInclude>
    <ClInclude Include="$(MSBuildThisFileDirectory)Source\GameObjects\PlatformerEnemy.h">
      <Filter>Game Objects\Game Object 2D\Platformer</Filter>
    </ClInclude>
    <ClInclude Include="$(MSBuildThisFileDirectory)Source\SaveLoad.h">
      <Filter>Resource Management</Filter>
    </ClInclude>
    <ClInclude Include="$(MSBuildThisFileDirectory)Source\Game\ResourceManager.h">
      <Filter>Resource Management</Filter>
    </ClInclude>
    <ClInclude Include="$(MSBuildThisFileDirectory)Source\cJSONHelpers.h">
      <Filter>Resource Management</Filter>
    </ClInclude>
    <ClInclude Include="$(MSBuildThisFileDirectory)Source\GameObjects\Shootable.h">
      <Filter>Game Objects\Game Object 2D\Platformer</Filter>
    </ClInclude>
    <ClInclude Include="$(MSBuildThisFileDirectory)Source\GameObjects\Transformable.h">
      <Filter>Game Objects</Filter>
    </ClInclude>
    <ClInclude Include="$(MSBuildThisFileDirectory)Source\GameObjects\HUD_TextObject.h">
      <Filter>Game Objects\HUD</Filter>
    </ClInclude>
    <ClInclude Include="$(MSBuildThisFileDirectory)Source\Game\ImGuiManager.h">
      <Filter>Resource Management\Imgui</Filter>
    </ClInclude>
    <ClInclude Include="$(MSBuildThisFileDirectory)Source\Mesh\Texture.h">
      <Filter>Mesh\Texture</Filter>
    </ClInclude>
    <ClInclude Include="$(MSBuildThisFileDirectory)Source\Mesh\SpriteSheet.h">
      <Filter>Mesh\Texture</Filter>
    </ClInclude>
    <ClInclude Include="$(MSBuildThisFileDirectory)Source\Mesh\TextMesh.h">
      <Filter>Mesh</Filter>
    </ClInclude>
    <ClInclude Include="$(MSBuildThisFileDirectory)Source\Mesh\Material.h">
      <Filter>Mesh\Texture</Filter>
    </ClInclude>
    <ClInclude Include="$(MSBuildThisFileDirectory)Source\GameObjects\PlayerController.h">
      <Filter>Controller</Filter>
    </ClInclude>
    <ClInclude Include="$(MSBuildThisFileDirectory)Source\Game\AudioList.h">
      <Filter>Audio\AudioList</Filter>
    </ClInclude>
    <ClInclude Include="$(MSBuildThisFileDirectory)Source\Game\AudioEngine.h">
      <Filter>Audio\Engine</Filter>
    </ClInclude>
    <ClInclude Include="$(MSBuildThisFileDirectory)Source\Game\AudioDataStructures.h">
      <Filter>Audio\Data Structures</Filter>
    </ClInclude>
    <ClInclude Include="$(MSBuildThisFileDirectory)Source\Game\AudioVoice.h">
      <Filter>Audio\Data Structures</Filter>
    </ClInclude>
    <ClInclude Include="$(MSBuildThisFileDirectory)Source\Game\ShuffleAudioList.h">
      <Filter>Audio\AudioList</Filter>
    </ClInclude>
    <ClInclude Include="$(MSBuildThisFileDirectory)Source\Game\WeightedRandomAudioList.h">
      <Filter>Audio\AudioList</Filter>
    </ClInclude>
    <ClInclude Include="$(MSBuildThisFileDirectory)Source\Mesh\FBODefinition.h">
      <Filter>Mesh</Filter>
    </ClInclude>
    <ClInclude Include="$(MSBuildThisFileDirectory)Source\Game\SceneManager.h">
      <Filter>Resource Management\Scene</Filter>
    </ClInclude>
    <ClInclude Include="$(MSBuildThisFileDirectory)Source\Game\TweenFuncs.h">
      <Filter>Game Objects\Tweens</Filter>
    </ClInclude>
    <ClInclude Include="$(MSBuildThisFileDirectory)Source\GameObjects\TweenObject.h">
      <Filter>Game Objects\Tweens</Filter>
    </ClInclude>
    <ClInclude Include="$(MSBuildThisFileDirectory)Source\Scenes\TitleScreen.h">
      <Filter>Scene\HUD</Filter>
    </ClInclude>
    <ClInclude Include="$(MSBuildThisFileDirectory)Source\Scenes\OptionsScene.h">
      <Filter>Scene\HUD</Filter>
    </ClInclude>
    <ClInclude Include="$(MSBuildThisFileDirectory)Source\Scenes\PauseScreen.h">
      <Filter>Scene\HUD</Filter>
    </ClInclude>
    <ClInclude Include="$(MSBuildThisFileDirectory)Source\GameObjects\Enemy.h">
      <Filter>Game Objects\Game Object 3D</Filter>
    </ClInclude>
    <ClInclude Include="$(MSBuildThisFileDirectory)Source\GameObjects\SavePoint.h">
      <Filter>Game Objects\Game Object 3D</Filter>
    </ClInclude>
    <ClInclude Include="$(MSBuildThisFileDirectory)Source\GameObjects\BoshyBullet.h">
      <Filter>Game Objects\Game Object 3D</Filter>
    </ClInclude>
    <ClInclude Include="$(MSBuildThisFileDirectory)Source\GameObjects\Gun.h">
      <Filter>Game Objects\Game Object 3D</Filter>
    </ClInclude>
    <ClInclude Include="$(MSBuildThisFileDirectory)Source\GameObjects\GameObjectComponent.h">
      <Filter>Game Objects\Game Object 3D</Filter>
    </ClInclude>
    <ClInclude Include="$(MSBuildThisFileDirectory)Source\GameObjects\Objective.h">
      <Filter>Game Objects\Game Object 3D</Filter>
    </ClInclude>
  </ItemGroup>
  <ItemGroup>
    <None Include="$(MSBuildThisFileDirectory)Data\Shaders\Debug3D.vert">
      <Filter>Data\Shaders</Filter>
    </None>
    <None Include="$(MSBuildThisFileDirectory)Data\Shaders\Debug.frag">
      <Filter>Data\Shaders</Filter>
    </None>
    <None Include="$(MSBuildThisFileDirectory)Data\Shaders\Debug.vert">
      <Filter>Data\Shaders</Filter>
    </None>
    <None Include="$(MSBuildThisFileDirectory)Data\Shaders\Debug3D.frag">
      <Filter>Data\Shaders</Filter>
    </None>
    <None Include="$(MSBuildThisFileDirectory)Data\Shaders\Lighting.vert">
      <Filter>Data\Shaders</Filter>
    </None>
    <None Include="$(MSBuildThisFileDirectory)Data\Shaders\Lighting.frag">
      <Filter>Data\Shaders</Filter>
    </None>
    <None Include="$(MSBuildThisFileDirectory)Data\Shaders\LightFunctions.frag">
      <Filter>Data\Shaders</Filter>
    </None>
    <None Include="$(MSBuildThisFileDirectory)Data\Shaders\Water2.vert">
      <Filter>Data\Shaders</Filter>
    </None>
    <None Include="$(MSBuildThisFileDirectory)Data\Shaders\Water.vert">
      <Filter>Data\Shaders</Filter>
    </None>
    <None Include="$(MSBuildThisFileDirectory)Data\Shaders\Water2.frag">
      <Filter>Data\Shaders</Filter>
    </None>
    <None Include="$(MSBuildThisFileDirectory)Data\Shaders\Water.frag">
      <Filter>Data\Shaders</Filter>
    </None>
    <None Include="$(MSBuildThisFileDirectory)Data\Shaders\Texture.vert">
      <Filter>Data\Shaders</Filter>
    </None>
    <None Include="$(MSBuildThisFileDirectory)Data\Shaders\Texture.frag">
      <Filter>Data\Shaders</Filter>
    </None>
    <None Include="$(MSBuildThisFileDirectory)Data\Shaders\Normal.vert">
      <Filter>Data\Shaders</Filter>
    </None>
    <None Include="$(MSBuildThisFileDirectory)Data\Shaders\Normal.frag">
      <Filter>Data\Shaders</Filter>
    </None>
  </ItemGroup>
  <ItemGroup>
    <Filter Include="Resource Management">
      <UniqueIdentifier>{754d84d8-d65f-4ddf-abf5-5d4ba7bc2d19}</UniqueIdentifier>
    </Filter>
    <Filter Include="Resource Management\Audio">
      <UniqueIdentifier>{ddaf7638-3eda-4bb8-abeb-28a128ea49af}</UniqueIdentifier>
    </Filter>
    <Filter Include="Game">
      <UniqueIdentifier>{63da2cc8-8b16-4d7c-9164-ab50a761434b}</UniqueIdentifier>
    </Filter>
    <Filter Include="Scene">
      <UniqueIdentifier>{99f321d9-355b-4c4d-b1ea-23c1ae463f19}</UniqueIdentifier>
    </Filter>
    <Filter Include="Game Objects">
      <UniqueIdentifier>{3299c597-fa9f-499d-9192-7c3d7270bdee}</UniqueIdentifier>
    </Filter>
    <Filter Include="Game Objects\Game Object 2D">
      <UniqueIdentifier>{a4240183-2762-409d-a92f-f268b43f94f9}</UniqueIdentifier>
    </Filter>
    <Filter Include="Game Objects\Game Object 3D">
      <UniqueIdentifier>{30b4af31-4e3c-4123-982d-8ae73343634a}</UniqueIdentifier>
    </Filter>
    <Filter Include="Game Objects\Camera">
      <UniqueIdentifier>{194a70b5-d83a-4d0d-ad31-957237737da2}</UniqueIdentifier>
    </Filter>
    <Filter Include="Physics">
      <UniqueIdentifier>{6820280d-73e8-48dc-b16d-a4a540f5021d}</UniqueIdentifier>
    </Filter>
    <Filter Include="Physics\Bullet">
      <UniqueIdentifier>{1da1ece4-b331-41b6-9f4a-5cf742a5ac8d}</UniqueIdentifier>
    </Filter>
    <Filter Include="Physics\Box2D">
      <UniqueIdentifier>{61b4149f-4af4-43da-9190-9e06a6e5b99e}</UniqueIdentifier>
    </Filter>
    <Filter Include="Scene\HUD">
      <UniqueIdentifier>{964b9c70-c67c-4532-977f-d66b7b0a00b1}</UniqueIdentifier>
    </Filter>
    <Filter Include="Mesh">
      <UniqueIdentifier>{388658cc-0fb3-426c-95e6-f282671c275c}</UniqueIdentifier>
    </Filter>
    <Filter Include="Game Objects\Light">
      <UniqueIdentifier>{bacdf57c-af3a-45a6-87c4-3e8a8d00e815}</UniqueIdentifier>
    </Filter>
    <Filter Include="Game Objects\Game Object 2D\Floating Object">
      <UniqueIdentifier>{5172c95f-cb5a-4bb1-80df-003e1d3ff4c9}</UniqueIdentifier>
    </Filter>
    <Filter Include="Game Objects\Game Object 2D\Platformer">
      <UniqueIdentifier>{fc365444-6ed9-4bd0-8ffb-7aeaaa87dce3}</UniqueIdentifier>
    </Filter>
    <Filter Include="Game Objects\HUD">
      <UniqueIdentifier>{c5b45bd1-e22c-4226-9432-eeb2a26d578b}</UniqueIdentifier>
    </Filter>
    <Filter Include="Audio">
      <UniqueIdentifier>{d60ac6ee-7a44-4865-9ead-f942ce275103}</UniqueIdentifier>
    </Filter>
    <Filter Include="Resource Management\Imgui">
      <UniqueIdentifier>{fd97510b-669a-476d-9112-59e5975aa3ce}</UniqueIdentifier>
    </Filter>
    <Filter Include="Resource Management\Scene">
      <UniqueIdentifier>{35bf3639-ca15-4eb9-ab9d-f6245253d925}</UniqueIdentifier>
    </Filter>
    <Filter Include="Mesh\Texture">
      <UniqueIdentifier>{25124f57-d904-44be-b33c-f560f8443956}</UniqueIdentifier>
    </Filter>
    <Filter Include="Controller">
      <UniqueIdentifier>{3483c397-34b9-41b2-86ad-9b059d49fe3a}</UniqueIdentifier>
    </Filter>
    <Filter Include="Data">
      <UniqueIdentifier>{4ae9ec71-2ae1-4ff9-b95d-0affd2634251}</UniqueIdentifier>
    </Filter>
    <Filter Include="Data\Shaders">
      <UniqueIdentifier>{5b531d27-aa84-436b-a76e-8eb7506db766}</UniqueIdentifier>
    </Filter>
    <Filter Include="Audio\AudioList">
      <UniqueIdentifier>{e718f01d-c49f-47b2-b31a-2fbb48729cd3}</UniqueIdentifier>
    </Filter>
    <Filter Include="Audio\Engine">
      <UniqueIdentifier>{c5df7400-0cfd-4715-9f92-13fd8e3eff1e}</UniqueIdentifier>
    </Filter>
    <Filter Include="Audio\Data Structures">
      <UniqueIdentifier>{654975d3-c385-4142-972d-80028b64b8e3}</UniqueIdentifier>
    </Filter>
    <Filter Include="Game Objects\Tweens">
      <UniqueIdentifier>{dc83eae1-6519-4b8a-aa9d-88ffb8008a1d}</UniqueIdentifier>
    </Filter>
  </ItemGroup>
  <ItemGroup>
    <Text Include="$(MSBuildThisFileDirectory)..\readme.txt">
      <Filter>Scene\HUD</Filter>
    </Text>
  </ItemGroup>
</Project>