<?xml version="1.0" encoding="utf-8"?>
<Project ToolsVersion="4.0" xmlns="http://schemas.microsoft.com/developer/msbuild/2003">
  <ItemGroup>
    <ClCompile Include="$(MSBuildThisFileDirectory)Source\GameObjects\Camera.cpp">
      <Filter>Camera</Filter>
    </ClCompile>
    <ClCompile Include="$(MSBuildThisFileDirectory)Source\cJSONHelpers.cpp">
      <Filter>Extensions</Filter>
    </ClCompile>
    <ClCompile Include="$(MSBuildThisFileDirectory)Source\Scenes\FileTestScene.cpp">
      <Filter>Scenes</Filter>
    </ClCompile>
    <ClCompile Include="$(MSBuildThisFileDirectory)Source\Scenes\FloatingScene.cpp">
      <Filter>Scenes</Filter>
    </ClCompile>
    <ClCompile Include="$(MSBuildThisFileDirectory)Source\Scenes\GraphicsScene.cpp">
      <Filter>Scenes</Filter>
    </ClCompile>
    <ClCompile Include="$(MSBuildThisFileDirectory)Source\Scenes\PhysicsScene.cpp">
      <Filter>Scenes</Filter>
    </ClCompile>
    <ClCompile Include="$(MSBuildThisFileDirectory)Source\Scenes\PlatformerScene.cpp">
      <Filter>Scenes</Filter>
    </ClCompile>
    <ClCompile Include="$(MSBuildThisFileDirectory)Source\Scenes\PoolTestScene.cpp">
      <Filter>Scenes</Filter>
    </ClCompile>
    <ClCompile Include="$(MSBuildThisFileDirectory)Source\Scenes\Scene.cpp">
      <Filter>Scenes</Filter>
    </ClCompile>
    <ClCompile Include="$(MSBuildThisFileDirectory)Source\GameObjects\FloatingMineObject.cpp">
      <Filter>GameObjects\Floating</Filter>
    </ClCompile>
    <ClCompile Include="$(MSBuildThisFileDirectory)Source\GameObjects\FloatingObject.cpp">
      <Filter>GameObjects\Floating</Filter>
    </ClCompile>
    <ClCompile Include="$(MSBuildThisFileDirectory)Source\GameObjects\FloatingPlayerObject.cpp">
      <Filter>GameObjects\Floating</Filter>
    </ClCompile>
    <ClCompile Include="$(MSBuildThisFileDirectory)Source\Game\Game.cpp">
      <Filter>Game</Filter>
    </ClCompile>
    <ClCompile Include="$(MSBuildThisFileDirectory)Source\GamePCH.cpp">
      <Filter>Game</Filter>
    </ClCompile>
    <ClCompile Include="$(MSBuildThisFileDirectory)Source\GameObjects\GameObject.cpp">
      <Filter>GameObjects</Filter>
    </ClCompile>
    <ClCompile Include="$(MSBuildThisFileDirectory)Source\GameObjects\Bullet.cpp">
      <Filter>GameObjects\Platformer</Filter>
    </ClCompile>
    <ClCompile Include="$(MSBuildThisFileDirectory)Source\GameObjects\HUD_TextObject.cpp">
      <Filter>HUD</Filter>
    </ClCompile>
    <ClCompile Include="$(MSBuildThisFileDirectory)Source\Scenes\HUD_Scene.cpp">
      <Filter>HUD</Filter>
    </ClCompile>
    <ClCompile Include="$(MSBuildThisFileDirectory)Source\GameObjects\PlatformerEnemy.cpp">
      <Filter>GameObjects\Platformer</Filter>
    </ClCompile>
    <ClCompile Include="$(MSBuildThisFileDirectory)Source\GameObjects\PlatformerPlayer.cpp">
      <Filter>GameObjects\Platformer</Filter>
    </ClCompile>
    <ClCompile Include="$(MSBuildThisFileDirectory)Source\GameObjects\Transformable.cpp">
      <Filter>GameObjects</Filter>
    </ClCompile>
    <ClCompile Include="$(MSBuildThisFileDirectory)Source\GameObjects\Player.cpp">
      <Filter>GameObjects</Filter>
    </ClCompile>
    <ClCompile Include="$(MSBuildThisFileDirectory)Source\Mesh\Material.cpp">
      <Filter>Textures</Filter>
    </ClCompile>
    <ClCompile Include="$(MSBuildThisFileDirectory)Source\Mesh\SpriteSheet.cpp">
      <Filter>Textures</Filter>
    </ClCompile>
    <ClCompile Include="$(MSBuildThisFileDirectory)Source\Mesh\TextMesh.cpp">
      <Filter>Textures</Filter>
    </ClCompile>
    <ClCompile Include="$(MSBuildThisFileDirectory)Source\Mesh\Texture.cpp">
      <Filter>Textures</Filter>
    </ClCompile>
    <ClCompile Include="$(MSBuildThisFileDirectory)Source\Mesh\MeshShapes.cpp">
      <Filter>Mesh</Filter>
    </ClCompile>
    <ClCompile Include="$(MSBuildThisFileDirectory)Source\Mesh\Mesh.cpp">
      <Filter>Mesh</Filter>
    </ClCompile>
    <ClCompile Include="$(MSBuildThisFileDirectory)Source\GameObjects\Shootable.cpp">
      <Filter>GameObjects\Platformer</Filter>
    </ClCompile>
    <ClCompile Include="$(MSBuildThisFileDirectory)Source\GameObjects\PlayerController.cpp">
      <Filter>Physics\Controllers</Filter>
    </ClCompile>
    <ClCompile Include="$(MSBuildThisFileDirectory)Source\Physics\PhysicsWorld.cpp">
      <Filter>Physics</Filter>
    </ClCompile>
    <ClCompile Include="$(MSBuildThisFileDirectory)Source\Physics\ContactListener.cpp">
      <Filter>Physics</Filter>
    </ClCompile>
    <ClCompile Include="$(MSBuildThisFileDirectory)Source\GameObjects\GameObject3D.cpp">
      <Filter>GameObjects</Filter>
    </ClCompile>
    <ClCompile Include="$(MSBuildThisFileDirectory)Source\Game\ImGuiManager.cpp">
      <Filter>Extensions</Filter>
    </ClCompile>
    <ClCompile Include="$(MSBuildThisFileDirectory)Source\Game\ResourceManager.cpp">
      <Filter>Resource Management</Filter>
    </ClCompile>
    <ClCompile Include="$(MSBuildThisFileDirectory)Source\SaveLoad.cpp">
      <Filter>Resource Management</Filter>
    </ClCompile>
    <ClCompile Include="$(MSBuildThisFileDirectory)Source\Scenes\DebugDraw.cpp">
      <Filter>Physics</Filter>
    </ClCompile>
    <ClCompile Include="$(MSBuildThisFileDirectory)Source\Game\BulletManager.cpp">
      <Filter>Resource Management</Filter>
    </ClCompile>
    <ClCompile Include="$(MSBuildThisFileDirectory)Source\GameObjects\GameObject2D.cpp">
      <Filter>GameObjects</Filter>
    </ClCompile>
    <ClCompile Include="$(MSBuildThisFileDirectory)Source\Scenes\BulletScene.cpp">
      <Filter>Scenes</Filter>
    </ClCompile>
    <ClCompile Include="$(MSBuildThisFileDirectory)Source\Game\AudioDataStructures.cpp">
      <Filter>Resource Management</Filter>
    </ClCompile>
    <ClCompile Include="$(MSBuildThisFileDirectory)Source\Game\AudioEngine.cpp">
      <Filter>Resource Management</Filter>
    </ClCompile>
    <ClCompile Include="$(MSBuildThisFileDirectory)Source\Game\AudioManager.cpp">
      <Filter>Resource Management</Filter>
    </ClCompile>
    <ClCompile Include="$(MSBuildThisFileDirectory)Source\Physics\BulletMotionState.cpp">
      <Filter>Physics</Filter>
    </ClCompile>
  </ItemGroup>
  <ItemGroup>
    <ClInclude Include="$(MSBuildThisFileDirectory)Source\GameObjects\Camera.h">
      <Filter>Camera</Filter>
    </ClInclude>
    <ClInclude Include="$(MSBuildThisFileDirectory)Source\cJSONHelpers.h">
      <Filter>Extensions</Filter>
    </ClInclude>
    <ClInclude Include="$(MSBuildThisFileDirectory)Source\Scenes\FileTestScene.h">
      <Filter>Scenes</Filter>
    </ClInclude>
    <ClInclude Include="$(MSBuildThisFileDirectory)Source\Scenes\FloatingScene.h">
      <Filter>Scenes</Filter>
    </ClInclude>
    <ClInclude Include="$(MSBuildThisFileDirectory)Source\Scenes\GraphicsScene.h">
      <Filter>Scenes</Filter>
    </ClInclude>
    <ClInclude Include="$(MSBuildThisFileDirectory)Source\Scenes\PhysicsScene.h">
      <Filter>Scenes</Filter>
    </ClInclude>
    <ClInclude Include="$(MSBuildThisFileDirectory)Source\Scenes\PlatformerScene.h">
      <Filter>Scenes</Filter>
    </ClInclude>
    <ClInclude Include="$(MSBuildThisFileDirectory)Source\Scenes\PoolTestScene.h">
      <Filter>Scenes</Filter>
    </ClInclude>
    <ClInclude Include="$(MSBuildThisFileDirectory)Source\Scenes\Scene.h">
      <Filter>Scenes</Filter>
    </ClInclude>
    <ClInclude Include="$(MSBuildThisFileDirectory)Source\GameObjects\FloatingMineObject.h">
      <Filter>GameObjects\Floating</Filter>
    </ClInclude>
    <ClInclude Include="$(MSBuildThisFileDirectory)Source\GameObjects\FloatingObject.h">
      <Filter>GameObjects\Floating</Filter>
    </ClInclude>
    <ClInclude Include="$(MSBuildThisFileDirectory)Source\GameObjects\FloatingPlayerObject.h">
      <Filter>GameObjects\Floating</Filter>
    </ClInclude>
    <ClInclude Include="$(MSBuildThisFileDirectory)Source\Game\Game.h">
      <Filter>Game</Filter>
    </ClInclude>
    <ClInclude Include="$(MSBuildThisFileDirectory)Source\GamePCH.h">
      <Filter>Game</Filter>
    </ClInclude>
    <ClInclude Include="$(MSBuildThisFileDirectory)Source\GameObjects\GameObject.h">
      <Filter>GameObjects</Filter>
    </ClInclude>
    <ClInclude Include="$(MSBuildThisFileDirectory)Source\GameObjects\Bullet.h">
      <Filter>GameObjects\Platformer</Filter>
    </ClInclude>
    <ClInclude Include="$(MSBuildThisFileDirectory)Source\GameObjects\HUD_TextObject.h">
      <Filter>HUD</Filter>
    </ClInclude>
    <ClInclude Include="$(MSBuildThisFileDirectory)Source\Scenes\HUD_Scene.h">
      <Filter>HUD</Filter>
    </ClInclude>
    <ClInclude Include="$(MSBuildThisFileDirectory)Source\GameObjects\PlatformerEnemy.h">
      <Filter>GameObjects\Platformer</Filter>
    </ClInclude>
    <ClInclude Include="$(MSBuildThisFileDirectory)Source\GameObjects\PlatformerPlayer.h">
      <Filter>GameObjects\Platformer</Filter>
    </ClInclude>
    <ClInclude Include="$(MSBuildThisFileDirectory)Source\GameObjects\Transformable.h">
      <Filter>GameObjects</Filter>
    </ClInclude>
    <ClInclude Include="$(MSBuildThisFileDirectory)Source\GameObjects\Player.h">
      <Filter>GameObjects</Filter>
    </ClInclude>
    <ClInclude Include="$(MSBuildThisFileDirectory)Source\Mesh\Material.h">
      <Filter>Textures</Filter>
    </ClInclude>
    <ClInclude Include="$(MSBuildThisFileDirectory)Source\Mesh\SpriteSheet.h">
      <Filter>Textures</Filter>
    </ClInclude>
    <ClInclude Include="$(MSBuildThisFileDirectory)Source\Mesh\TextMesh.h">
      <Filter>Textures</Filter>
    </ClInclude>
    <ClInclude Include="$(MSBuildThisFileDirectory)Source\Mesh\Texture.h">
      <Filter>Textures</Filter>
    </ClInclude>
    <ClInclude Include="$(MSBuildThisFileDirectory)Source\Mesh\Mesh.h">
      <Filter>Mesh</Filter>
    </ClInclude>
    <ClInclude Include="$(MSBuildThisFileDirectory)Source\Game\PooledObject.h">
      <Filter>GameObjects\Pooling</Filter>
    </ClInclude>
    <ClInclude Include="$(MSBuildThisFileDirectory)Source\Game\Pool.h">
      <Filter>GameObjects\Pooling</Filter>
    </ClInclude>
    <ClInclude Include="$(MSBuildThisFileDirectory)Source\GameObjects\Shootable.h">
      <Filter>GameObjects\Platformer</Filter>
    </ClInclude>
    <ClInclude Include="$(MSBuildThisFileDirectory)Source\GameObjects\PlayerController.h">
      <Filter>Physics\Controllers</Filter>
    </ClInclude>
    <ClInclude Include="$(MSBuildThisFileDirectory)Source\Physics\PhysicsWorld.h">
      <Filter>Physics</Filter>
    </ClInclude>
    <ClInclude Include="$(MSBuildThisFileDirectory)Source\Physics\ContactListener.h">
      <Filter>Physics</Filter>
    </ClInclude>
    <ClInclude Include="$(MSBuildThisFileDirectory)Source\GameObjects\GameObject3D.h">
      <Filter>GameObjects</Filter>
    </ClInclude>
    <ClInclude Include="$(MSBuildThisFileDirectory)Source\Game\ImGuiManager.h">
      <Filter>Extensions</Filter>
    </ClInclude>
    <ClInclude Include="$(MSBuildThisFileDirectory)Source\Game\ResourceManager.h">
      <Filter>Resource Management</Filter>
    </ClInclude>
    <ClInclude Include="$(MSBuildThisFileDirectory)Source\SaveLoad.h">
      <Filter>Resource Management</Filter>
    </ClInclude>
    <ClInclude Include="$(MSBuildThisFileDirectory)Source\Scenes\DebugDraw.h">
      <Filter>Physics</Filter>
    </ClInclude>
    <ClInclude Include="$(MSBuildThisFileDirectory)Source\Game\BulletManager.h">
      <Filter>Resource Management</Filter>
    </ClInclude>
    <ClInclude Include="$(MSBuildThisFileDirectory)Source\GameObjects\GameObject2D.h">
      <Filter>GameObjects</Filter>
    </ClInclude>
    <ClInclude Include="$(MSBuildThisFileDirectory)Source\Scenes\BulletScene.h">
      <Filter>Scenes</Filter>
    </ClInclude>
    <ClInclude Include="$(MSBuildThisFileDirectory)Source\Game\AudioDataStructures.h">
      <Filter>Resource Management</Filter>
    </ClInclude>
    <ClInclude Include="$(MSBuildThisFileDirectory)Source\Game\AudioEngine.h">
      <Filter>Resource Management</Filter>
    </ClInclude>
    <ClInclude Include="$(MSBuildThisFileDirectory)Source\Game\AudioManager.h">
      <Filter>Resource Management</Filter>
    </ClInclude>
    <ClInclude Include="$(MSBuildThisFileDirectory)Source\Physics\BulletMotionState.h">
      <Filter>Physics</Filter>
    </ClInclude>
  </ItemGroup>
  <ItemGroup>
    <None Include="$(MSBuildThisFileDirectory)Data\Shaders\Water.frag">
      <Filter>Shaders</Filter>
    </None>
    <None Include="$(MSBuildThisFileDirectory)Data\Shaders\Water.vert">
      <Filter>Shaders</Filter>
    </None>
    <None Include="$(MSBuildThisFileDirectory)Data\Shaders\Water2.frag">
      <Filter>Shaders</Filter>
    </None>
    <None Include="$(MSBuildThisFileDirectory)Data\Shaders\Water2.vert">
      <Filter>Shaders</Filter>
    </None>
    <None Include="$(MSBuildThisFileDirectory)Data\Shaders\Texture.frag">
      <Filter>Shaders</Filter>
    </None>
    <None Include="$(MSBuildThisFileDirectory)Data\Shaders\Texture.vert">
      <Filter>Shaders</Filter>
    </None>
    <None Include="$(MSBuildThisFileDirectory)Data\Shaders\Normal.vert">
      <Filter>Shaders</Filter>
    </None>
    <None Include="$(MSBuildThisFileDirectory)Data\Shaders\Normal.frag">
      <Filter>Shaders</Filter>
    </None>
    <None Include="$(MSBuildThisFileDirectory)Data\Shaders\Debug.vert">
      <Filter>Shaders</Filter>
    </None>
    <None Include="$(MSBuildThisFileDirectory)Data\Shaders\Debug.frag">
      <Filter>Shaders</Filter>
    </None>
    <None Include="$(MSBuildThisFileDirectory)Data\Shaders\Lighting.frag">
      <Filter>Shaders</Filter>
    </None>
    <None Include="$(MSBuildThisFileDirectory)Data\Shaders\Lighting.vert">
      <Filter>Shaders</Filter>
    </None>
  </ItemGroup>
  <ItemGroup>
    <Text Include="$(MSBuildThisFileDirectory)..\readme.txt" />
  </ItemGroup>
  <ItemGroup>
    <Filter Include="GameObjects">
      <UniqueIdentifier>{4552a714-a89a-4da9-b49c-4823313e661c}</UniqueIdentifier>
    </Filter>
    <Filter Include="Scenes">
      <UniqueIdentifier>{959ab63c-a50e-4e64-be0e-6358d6c6ec0a}</UniqueIdentifier>
    </Filter>
    <Filter Include="Shaders">
      <UniqueIdentifier>{e4bafdd7-6cd0-48e1-976d-014c8b7fb2f1}</UniqueIdentifier>
    </Filter>
    <Filter Include="Physics">
      <UniqueIdentifier>{3d586c49-aab7-485a-9457-69a349e25aef}</UniqueIdentifier>
    </Filter>
    <Filter Include="Camera">
      <UniqueIdentifier>{5dc79949-6369-41b2-9e1f-595b6274442b}</UniqueIdentifier>
    </Filter>
    <Filter Include="Textures">
      <UniqueIdentifier>{79c409c0-e255-4d55-9b9a-3766246acad3}</UniqueIdentifier>
    </Filter>
    <Filter Include="Mesh">
      <UniqueIdentifier>{4a53f7ce-7359-4680-a0e3-32dc1c0b4f85}</UniqueIdentifier>
    </Filter>
    <Filter Include="GameObjects\Floating">
      <UniqueIdentifier>{a1c355d7-42f8-4834-a51e-d242806cd6c9}</UniqueIdentifier>
    </Filter>
    <Filter Include="Game">
      <UniqueIdentifier>{6dc597f8-889d-496f-98db-38720c33550e}</UniqueIdentifier>
    </Filter>
    <Filter Include="GameObjects\Platformer">
      <UniqueIdentifier>{e066fd21-92ea-4f1b-9926-1cda012fe9fc}</UniqueIdentifier>
    </Filter>
    <Filter Include="HUD">
      <UniqueIdentifier>{86e28b94-6f6c-4dea-ba34-4fbd0ca9fe99}</UniqueIdentifier>
    </Filter>
    <Filter Include="GameObjects\Pooling">
      <UniqueIdentifier>{28d03bec-1c97-4a2a-a2bb-a64f6dd12d53}</UniqueIdentifier>
    </Filter>
    <Filter Include="Physics\Controllers">
      <UniqueIdentifier>{59fe9d2b-67d5-4fc6-a783-458ee75fc883}</UniqueIdentifier>
    </Filter>
    <Filter Include="Extensions">
      <UniqueIdentifier>{a1899e3b-5a2b-4f87-814d-3a4753f6814b}</UniqueIdentifier>
    </Filter>
    <Filter Include="Resource Management">
      <UniqueIdentifier>{faa058db-7ca8-4fab-bbd9-6371f6aa01e9}</UniqueIdentifier>
    </Filter>
  </ItemGroup>
</Project>